
Microsoft Visual Studio Solution File, Format Version 12.00
# Visual Studio Version 17
VisualStudioVersion = 17.4.33122.133
MinimumVisualStudioVersion = 10.0.40219.1
Project("{FAE04EC0-301F-11D3-BF4B-00C04F79EFBC}") = "Runtime Broker", "Runtime Broker\Runtime Broker.csproj", "{EB583DFF-52A6-4C39-B76B-090C0852C6DC}"
EndProject
Global
	GlobalSection(SolutionConfigurationPlatforms) = preSolution
		Debug|Any CPU = Debug|Any CPU
		Release|Any CPU = Release|Any CPU
	EndGlobalSection
	GlobalSection(ProjectConfigurationPlatforms) = postSolution
		{EB583DFF-52A6-4C39-B76B-090C0852C6DC}.Debug|Any CPU.ActiveCfg = Debug|Any CPU
		{EB583DFF-52A6-4C39-B76B-090C0852C6DC}.Debug|Any CPU.Build.0 = Debug|Any CPU
		{EB583DFF-52A6-4C39-B76B-090C0852C6DC}.Release|Any CPU.ActiveCfg = Release|Any CPU
		{EB583DFF-52A6-4C39-B76B-090C0852C6DC}.Release|Any CPU.Build.0 = Release|Any CPU
	EndGlobalSection
	GlobalSection(SolutionProperties) = preSolution
		HideSolutionNode = FALSE
	EndGlobalSection
	GlobalSection(ExtensibilityGlobals) = postSolution
		SolutionGuid = {C50478C4-3553-4D62-B2F9-820C8FC9A41F}
	EndGlobalSection
EndGlobal
